
Microsoft Visual Studio Solution File, Format Version 12.00
# Visual Studio Version 17
VisualStudioVersion = 17.14.36414.22 d17.14
MinimumVisualStudioVersion = 10.0.40219.1
Project("{FAE04EC0-301F-11D3-BF4B-00C04F79EFBC}") = "ConsoleBasedProject", "ConsoleBasedProject\ConsoleBasedProject.csproj", "{D285755C-979F-4792-A650-DAF543B7DF85}"
EndProject
Global
	GlobalSection(SolutionConfigurationPlatforms) = preSolution
		Debug|Any CPU = Debug|Any CPU
		Release|Any CPU = Release|Any CPU
	EndGlobalSection
	GlobalSection(ProjectConfigurationPlatforms) = postSolution
		{D285755C-979F-4792-A650-DAF543B7DF85}.Debug|Any CPU.ActiveCfg = Debug|Any CPU
		{D285755C-979F-4792-A650-DAF543B7DF85}.Debug|Any CPU.Build.0 = Debug|Any CPU
		{D285755C-979F-4792-A650-DAF543B7DF85}.Release|Any CPU.ActiveCfg = Release|Any CPU
		{D285755C-979F-4792-A650-DAF543B7DF85}.Release|Any CPU.Build.0 = Release|Any CPU
	EndGlobalSection
	GlobalSection(SolutionProperties) = preSolution
		HideSolutionNode = FALSE
	EndGlobalSection
	GlobalSection(ExtensibilityGlobals) = postSolution
		SolutionGuid = {B81FBD9D-31BA-454E-AECD-F4DCD05E5F62}
	EndGlobalSection
EndGlobal
